
Microsoft Visual Studio Solution File, Format Version 12.00
# Visual Studio 15
Project("{FAE04EC0-301F-11D3-BF4B-00C04F79EFBC}") = "Basics", "Basics\Basics.csproj", "{A260573B-6A3E-4F1D-AFF1-CDDCFDAA2B97}"
EndProject
Project("{FAE04EC0-301F-11D3-BF4B-00C04F79EFBC}") = "IdentityExample", "IdentityExample\IdentityExample.csproj", "{95C9D246-6398-4102-B881-D3F3AD07D984}"
EndProject
Project("{2150E333-8FDC-42A3-9474-1A3956D46DE8}") = "basic", "basic", "{44F946F1-31C8-47BC-BD21-15065714BD98}"
EndProject
Project("{2150E333-8FDC-42A3-9474-1A3956D46DE8}") = "oauth", "oauth", "{6FB36802-707C-4295-A0DE-76D3AED825CE}"
EndProject
Project("{FAE04EC0-301F-11D3-BF4B-00C04F79EFBC}") = "Server", "Server\Server.csproj", "{3DA386A2-2288-4B66-9F6F-3815E35ED30B}"
EndProject
Project("{FAE04EC0-301F-11D3-BF4B-00C04F79EFBC}") = "Client", "Client\Client.csproj", "{4264BA74-920A-42BA-AA15-1264545BC173}"
EndProject
Project("{FAE04EC0-301F-11D3-BF4B-00C04F79EFBC}") = "Api", "Api\Api.csproj", "{6E577085-2569-4EA1-A7D2-A834630B024C}"
EndProject
Global
	GlobalSection(SolutionConfigurationPlatforms) = preSolution
		Debug|Any CPU = Debug|Any CPU
		Release|Any CPU = Release|Any CPU
	EndGlobalSection
	GlobalSection(ProjectConfigurationPlatforms) = postSolution
		{A260573B-6A3E-4F1D-AFF1-CDDCFDAA2B97}.Debug|Any CPU.ActiveCfg = Debug|Any CPU
		{A260573B-6A3E-4F1D-AFF1-CDDCFDAA2B97}.Debug|Any CPU.Build.0 = Debug|Any CPU
		{A260573B-6A3E-4F1D-AFF1-CDDCFDAA2B97}.Release|Any CPU.ActiveCfg = Release|Any CPU
		{A260573B-6A3E-4F1D-AFF1-CDDCFDAA2B97}.Release|Any CPU.Build.0 = Release|Any CPU
		{95C9D246-6398-4102-B881-D3F3AD07D984}.Debug|Any CPU.ActiveCfg = Debug|Any CPU
		{95C9D246-6398-4102-B881-D3F3AD07D984}.Debug|Any CPU.Build.0 = Debug|Any CPU
		{95C9D246-6398-4102-B881-D3F3AD07D984}.Release|Any CPU.ActiveCfg = Release|Any CPU
		{95C9D246-6398-4102-B881-D3F3AD07D984}.Release|Any CPU.Build.0 = Release|Any CPU
		{3DA386A2-2288-4B66-9F6F-3815E35ED30B}.Debug|Any CPU.ActiveCfg = Debug|Any CPU
		{3DA386A2-2288-4B66-9F6F-3815E35ED30B}.Debug|Any CPU.Build.0 = Debug|Any CPU
		{3DA386A2-2288-4B66-9F6F-3815E35ED30B}.Release|Any CPU.ActiveCfg = Release|Any CPU
		{3DA386A2-2288-4B66-9F6F-3815E35ED30B}.Release|Any CPU.Build.0 = Release|Any CPU
		{4264BA74-920A-42BA-AA15-1264545BC173}.Debug|Any CPU.ActiveCfg = Debug|Any CPU
		{4264BA74-920A-42BA-AA15-1264545BC173}.Debug|Any CPU.Build.0 = Debug|Any CPU
		{4264BA74-920A-42BA-AA15-1264545BC173}.Release|Any CPU.ActiveCfg = Release|Any CPU
		{4264BA74-920A-42BA-AA15-1264545BC173}.Release|Any CPU.Build.0 = Release|Any CPU
		{6E577085-2569-4EA1-A7D2-A834630B024C}.Debug|Any CPU.ActiveCfg = Debug|Any CPU
		{6E577085-2569-4EA1-A7D2-A834630B024C}.Debug|Any CPU.Build.0 = Debug|Any CPU
		{6E577085-2569-4EA1-A7D2-A834630B024C}.Release|Any CPU.ActiveCfg = Release|Any CPU
		{6E577085-2569-4EA1-A7D2-A834630B024C}.Release|Any CPU.Build.0 = Release|Any CPU
	EndGlobalSection
	GlobalSection(NestedProjects) = preSolution
		{A260573B-6A3E-4F1D-AFF1-CDDCFDAA2B97} = {44F946F1-31C8-47BC-BD21-15065714BD98}
		{95C9D246-6398-4102-B881-D3F3AD07D984} = {44F946F1-31C8-47BC-BD21-15065714BD98}
		{3DA386A2-2288-4B66-9F6F-3815E35ED30B} = {6FB36802-707C-4295-A0DE-76D3AED825CE}
		{4264BA74-920A-42BA-AA15-1264545BC173} = {6FB36802-707C-4295-A0DE-76D3AED825CE}
		{6E577085-2569-4EA1-A7D2-A834630B024C} = {6FB36802-707C-4295-A0DE-76D3AED825CE}
	EndGlobalSection
EndGlobal
